
Microsoft Visual Studio Solution File, Format Version 12.00
# Visual Studio 15
VisualStudioVersion = 15.0.26730.3
MinimumVisualStudioVersion = 10.0.40219.1
Project("{FAE04EC0-301F-11D3-BF4B-00C04F79EFBC}") = "QuizTimeSolution", "QuizTimeSolution\QuizTimeSolution.csproj", "{48BC4443-65FE-4457-B0CF-FE75A4FFC871}"
EndProject
Global
	GlobalSection(SolutionConfigurationPlatforms) = preSolution
		Debug|Any CPU = Debug|Any CPU
		Release|Any CPU = Release|Any CPU
	EndGlobalSection
	GlobalSection(ProjectConfigurationPlatforms) = postSolution
		{48BC4443-65FE-4457-B0CF-FE75A4FFC871}.Debug|Any CPU.ActiveCfg = Debug|Any CPU
		{48BC4443-65FE-4457-B0CF-FE75A4FFC871}.Debug|Any CPU.Build.0 = Debug|Any CPU
		{48BC4443-65FE-4457-B0CF-FE75A4FFC871}.Release|Any CPU.ActiveCfg = Release|Any CPU
		{48BC4443-65FE-4457-B0CF-FE75A4FFC871}.Release|Any CPU.Build.0 = Release|Any CPU
	EndGlobalSection
	GlobalSection(SolutionProperties) = preSolution
		HideSolutionNode = FALSE
	EndGlobalSection
	GlobalSection(ExtensibilityGlobals) = postSolution
		SolutionGuid = {B004E27E-CF7E-4C44-8593-FD97691E3563}
	EndGlobalSection
EndGlobal
